
Microsoft Visual Studio Solution File, Format Version 12.00
# Visual Studio 2013
VisualStudioVersion = 12.0.30501.0
MinimumVisualStudioVersion = 10.0.40219.1
Project("{FAE04EC0-301F-11D3-BF4B-00C04F79EFBC}") = "Locadora.Core", "Locadora.Core\Locadora.Core.csproj", "{F47BFC60-644E-460A-B2C4-E2627AECF239}"
EndProject
Project("{FAE04EC0-301F-11D3-BF4B-00C04F79EFBC}") = "Locadora.View.Forms", "Locadora.View.Forms\Locadora.View.Forms.csproj", "{2C232CD3-9681-4EFC-83DA-4A461EC62F2B}"
EndProject
Global
	GlobalSection(SolutionConfigurationPlatforms) = preSolution
		CD_ROM|Any CPU = CD_ROM|Any CPU
		Debug|Any CPU = Debug|Any CPU
		DVD-5|Any CPU = DVD-5|Any CPU
		Release|Any CPU = Release|Any CPU
		SingleImage|Any CPU = SingleImage|Any CPU
	EndGlobalSection
	GlobalSection(ProjectConfigurationPlatforms) = postSolution
		{F47BFC60-644E-460A-B2C4-E2627AECF239}.CD_ROM|Any CPU.ActiveCfg = Release|Any CPU
		{F47BFC60-644E-460A-B2C4-E2627AECF239}.CD_ROM|Any CPU.Build.0 = Release|Any CPU
		{F47BFC60-644E-460A-B2C4-E2627AECF239}.Debug|Any CPU.ActiveCfg = Debug|Any CPU
		{F47BFC60-644E-460A-B2C4-E2627AECF239}.Debug|Any CPU.Build.0 = Debug|Any CPU
		{F47BFC60-644E-460A-B2C4-E2627AECF239}.DVD-5|Any CPU.ActiveCfg = Debug|Any CPU
		{F47BFC60-644E-460A-B2C4-E2627AECF239}.DVD-5|Any CPU.Build.0 = Debug|Any CPU
		{F47BFC60-644E-460A-B2C4-E2627AECF239}.Release|Any CPU.ActiveCfg = Release|Any CPU
		{F47BFC60-644E-460A-B2C4-E2627AECF239}.Release|Any CPU.Build.0 = Release|Any CPU
		{F47BFC60-644E-460A-B2C4-E2627AECF239}.SingleImage|Any CPU.ActiveCfg = Release|Any CPU
		{F47BFC60-644E-460A-B2C4-E2627AECF239}.SingleImage|Any CPU.Build.0 = Release|Any CPU
		{2C232CD3-9681-4EFC-83DA-4A461EC62F2B}.CD_ROM|Any CPU.ActiveCfg = Release|Any CPU
		{2C232CD3-9681-4EFC-83DA-4A461EC62F2B}.CD_ROM|Any CPU.Build.0 = Release|Any CPU
		{2C232CD3-9681-4EFC-83DA-4A461EC62F2B}.Debug|Any CPU.ActiveCfg = Debug|Any CPU
		{2C232CD3-9681-4EFC-83DA-4A461EC62F2B}.Debug|Any CPU.Build.0 = Debug|Any CPU
		{2C232CD3-9681-4EFC-83DA-4A461EC62F2B}.DVD-5|Any CPU.ActiveCfg = Debug|Any CPU
		{2C232CD3-9681-4EFC-83DA-4A461EC62F2B}.DVD-5|Any CPU.Build.0 = Debug|Any CPU
		{2C232CD3-9681-4EFC-83DA-4A461EC62F2B}.Release|Any CPU.ActiveCfg = Release|Any CPU
		{2C232CD3-9681-4EFC-83DA-4A461EC62F2B}.Release|Any CPU.Build.0 = Release|Any CPU
		{2C232CD3-9681-4EFC-83DA-4A461EC62F2B}.SingleImage|Any CPU.ActiveCfg = Release|Any CPU
		{2C232CD3-9681-4EFC-83DA-4A461EC62F2B}.SingleImage|Any CPU.Build.0 = Release|Any CPU
	EndGlobalSection
	GlobalSection(SolutionProperties) = preSolution
		HideSolutionNode = FALSE
	EndGlobalSection
EndGlobal
